
Microsoft Visual Studio Solution File, Format Version 12.00
# Visual Studio Version 17
VisualStudioVersion = 17.5.002.0
MinimumVisualStudioVersion = 10.0.40219.1
Project("{9A19103F-16F7-4668-BE54-9A1E7A4F7556}") = "Univesp.CaminhoDoMar.ProjetoIntegrador.Web", "Web\Univesp.CaminhoDoMar.ProjetoIntegrador.Web.csproj", "{ACD7A6B2-65C3-403A-AE54-047D6FC9286E}"
EndProject
Project("{9A19103F-16F7-4668-BE54-9A1E7A4F7556}") = "Univesp.CaminhoDoMar.ProjetoIntegrador.ApplicationCore", "ApplicationCore\Univesp.CaminhoDoMar.ProjetoIntegrador.ApplicationCore.csproj", "{F9F7A03A-DCEF-4F8B-A540-6FB800DB6F46}"
EndProject
Project("{9A19103F-16F7-4668-BE54-9A1E7A4F7556}") = "Univesp.CaminhoDoMar.ProjetoIntegrador.Infrastructure", "Infrastructure\Univesp.CaminhoDoMar.ProjetoIntegrador.Infrastructure.csproj", "{14E21BA4-E195-4048-845D-859F6F91B57C}"
EndProject
Global
	GlobalSection(SolutionConfigurationPlatforms) = preSolution
		Debug|Any CPU = Debug|Any CPU
		Release|Any CPU = Release|Any CPU
	EndGlobalSection
	GlobalSection(ProjectConfigurationPlatforms) = postSolution
		{ACD7A6B2-65C3-403A-AE54-047D6FC9286E}.Debug|Any CPU.ActiveCfg = Debug|Any CPU
		{ACD7A6B2-65C3-403A-AE54-047D6FC9286E}.Debug|Any CPU.Build.0 = Debug|Any CPU
		{ACD7A6B2-65C3-403A-AE54-047D6FC9286E}.Release|Any CPU.ActiveCfg = Release|Any CPU
		{ACD7A6B2-65C3-403A-AE54-047D6FC9286E}.Release|Any CPU.Build.0 = Release|Any CPU
		{F9F7A03A-DCEF-4F8B-A540-6FB800DB6F46}.Debug|Any CPU.ActiveCfg = Debug|Any CPU
		{F9F7A03A-DCEF-4F8B-A540-6FB800DB6F46}.Debug|Any CPU.Build.0 = Debug|Any CPU
		{F9F7A03A-DCEF-4F8B-A540-6FB800DB6F46}.Release|Any CPU.ActiveCfg = Release|Any CPU
		{F9F7A03A-DCEF-4F8B-A540-6FB800DB6F46}.Release|Any CPU.Build.0 = Release|Any CPU
		{14E21BA4-E195-4048-845D-859F6F91B57C}.Debug|Any CPU.ActiveCfg = Debug|Any CPU
		{14E21BA4-E195-4048-845D-859F6F91B57C}.Debug|Any CPU.Build.0 = Debug|Any CPU
		{14E21BA4-E195-4048-845D-859F6F91B57C}.Release|Any CPU.ActiveCfg = Release|Any CPU
		{14E21BA4-E195-4048-845D-859F6F91B57C}.Release|Any CPU.Build.0 = Release|Any CPU
	EndGlobalSection
	GlobalSection(SolutionProperties) = preSolution
		HideSolutionNode = FALSE
	EndGlobalSection
	GlobalSection(ExtensibilityGlobals) = postSolution
		SolutionGuid = {26AFDC7B-644D-43AD-ACC2-269FFE658DF7}
	EndGlobalSection
EndGlobal
